
Microsoft Visual Studio Solution File, Format Version 12.00
# Visual Studio Version 17
VisualStudioVersion = 17.13.35931.197 d17.13
MinimumVisualStudioVersion = 10.0.40219.1
Project("{FAE04EC0-301F-11D3-BF4B-00C04F79EFBC}") = "GlobalSolution1Sem", "GlobalSolution1Sem\GlobalSolution1Sem.csproj", "{5CD1C047-5AFF-4FF0-A842-4A980E9FC8BA}"
EndProject
Global
	GlobalSection(SolutionConfigurationPlatforms) = preSolution
		Debug|Any CPU = Debug|Any CPU
		Release|Any CPU = Release|Any CPU
	EndGlobalSection
	GlobalSection(ProjectConfigurationPlatforms) = postSolution
		{5CD1C047-5AFF-4FF0-A842-4A980E9FC8BA}.Debug|Any CPU.ActiveCfg = Debug|Any CPU
		{5CD1C047-5AFF-4FF0-A842-4A980E9FC8BA}.Debug|Any CPU.Build.0 = Debug|Any CPU
		{5CD1C047-5AFF-4FF0-A842-4A980E9FC8BA}.Release|Any CPU.ActiveCfg = Release|Any CPU
		{5CD1C047-5AFF-4FF0-A842-4A980E9FC8BA}.Release|Any CPU.Build.0 = Release|Any CPU
	EndGlobalSection
	GlobalSection(SolutionProperties) = preSolution
		HideSolutionNode = FALSE
	EndGlobalSection
	GlobalSection(ExtensibilityGlobals) = postSolution
		SolutionGuid = {4FDBFED2-9421-467D-B4E4-47A8B0DDC892}
	EndGlobalSection
EndGlobal
